
Microsoft Visual Studio Solution File, Format Version 12.00
# Visual Studio Version 16
VisualStudioVersion = 16.0.31005.135
MinimumVisualStudioVersion = 10.0.40219.1
Project("{9A19103F-16F7-4668-BE54-9A1E7A4F7556}") = "TestSchemaConnection", "TestSchemaConnection\TestSchemaConnection.csproj", "{004D27D0-62DD-449D-8608-F479EE07CCDB}"
EndProject
Project("{9A19103F-16F7-4668-BE54-9A1E7A4F7556}") = "ExecSelectQuery", "ExecSelectQuery\ExecSelectQuery.csproj", "{FCFC9402-6A53-4F2A-9ECF-0DF8BC71E0B4}"
EndProject
Project("{FAE04EC0-301F-11D3-BF4B-00C04F79EFBC}") = "ExecInsertQuery", "ExecInsertQuery\ExecInsertQuery.csproj", "{631B3166-7EC2-4CB8-BE40-079F3FC251D8}"
EndProject
Global
	GlobalSection(SolutionConfigurationPlatforms) = preSolution
		Debug|Any CPU = Debug|Any CPU
		Release|Any CPU = Release|Any CPU
	EndGlobalSection
	GlobalSection(ProjectConfigurationPlatforms) = postSolution
		{004D27D0-62DD-449D-8608-F479EE07CCDB}.Debug|Any CPU.ActiveCfg = Debug|Any CPU
		{004D27D0-62DD-449D-8608-F479EE07CCDB}.Debug|Any CPU.Build.0 = Debug|Any CPU
		{004D27D0-62DD-449D-8608-F479EE07CCDB}.Release|Any CPU.ActiveCfg = Release|Any CPU
		{004D27D0-62DD-449D-8608-F479EE07CCDB}.Release|Any CPU.Build.0 = Release|Any CPU
		{FCFC9402-6A53-4F2A-9ECF-0DF8BC71E0B4}.Debug|Any CPU.ActiveCfg = Debug|Any CPU
		{FCFC9402-6A53-4F2A-9ECF-0DF8BC71E0B4}.Debug|Any CPU.Build.0 = Debug|Any CPU
		{FCFC9402-6A53-4F2A-9ECF-0DF8BC71E0B4}.Release|Any CPU.ActiveCfg = Release|Any CPU
		{FCFC9402-6A53-4F2A-9ECF-0DF8BC71E0B4}.Release|Any CPU.Build.0 = Release|Any CPU
		{631B3166-7EC2-4CB8-BE40-079F3FC251D8}.Debug|Any CPU.ActiveCfg = Debug|Any CPU
		{631B3166-7EC2-4CB8-BE40-079F3FC251D8}.Debug|Any CPU.Build.0 = Debug|Any CPU
		{631B3166-7EC2-4CB8-BE40-079F3FC251D8}.Release|Any CPU.ActiveCfg = Release|Any CPU
		{631B3166-7EC2-4CB8-BE40-079F3FC251D8}.Release|Any CPU.Build.0 = Release|Any CPU
	EndGlobalSection
	GlobalSection(SolutionProperties) = preSolution
		HideSolutionNode = FALSE
	EndGlobalSection
	GlobalSection(ExtensibilityGlobals) = postSolution
		SolutionGuid = {F86027C3-722D-4A56-AA13-DC25763BD90C}
	EndGlobalSection
EndGlobal
